
Microsoft Visual Studio Solution File, Format Version 12.00
# Visual Studio 15
VisualStudioVersion = 15.0.28307.1231
MinimumVisualStudioVersion = 10.0.40219.1
Project("{FAE04EC0-301F-11D3-BF4B-00C04F79EFBC}") = "UnpaidBillsApp.Web", "UnpaidBillsApp.Web\UnpaidBillsApp.Web.csproj", "{5EF55B6C-D5F6-47BD-B589-B2D98DEB668C}"
EndProject
Global
	GlobalSection(SolutionConfigurationPlatforms) = preSolution
		Debug|Any CPU = Debug|Any CPU
		Release|Any CPU = Release|Any CPU
	EndGlobalSection
	GlobalSection(ProjectConfigurationPlatforms) = postSolution
		{5EF55B6C-D5F6-47BD-B589-B2D98DEB668C}.Debug|Any CPU.ActiveCfg = Debug|Any CPU
		{5EF55B6C-D5F6-47BD-B589-B2D98DEB668C}.Debug|Any CPU.Build.0 = Debug|Any CPU
		{5EF55B6C-D5F6-47BD-B589-B2D98DEB668C}.Release|Any CPU.ActiveCfg = Release|Any CPU
		{5EF55B6C-D5F6-47BD-B589-B2D98DEB668C}.Release|Any CPU.Build.0 = Release|Any CPU
	EndGlobalSection
	GlobalSection(SolutionProperties) = preSolution
		HideSolutionNode = FALSE
	EndGlobalSection
	GlobalSection(ExtensibilityGlobals) = postSolution
		SolutionGuid = {7B310B8E-C5F9-4A16-99BD-9D6AA6928912}
	EndGlobalSection
EndGlobal
